
Microsoft Visual Studio Solution File, Format Version 12.00
# Visual Studio 15
VisualStudioVersion = 15.0.27130.2010
MinimumVisualStudioVersion = 15.0.26124.0
Project("{2150E333-8FDC-42A3-9474-1A3956D46DE8}") = "src", "src", "{670A8C9B-51FB-4C5A-A825-992D9D3121F5}"
EndProject
Project("{9A19103F-16F7-4668-BE54-9A1E7A4F7556}") = "Api", "src\Api\Api.csproj", "{AAF9CC53-A3D9-4C77-BF1B-BEEDE2646072}"
EndProject
Project("{9A19103F-16F7-4668-BE54-9A1E7A4F7556}") = "Client", "src\Client\Client.csproj", "{2DA14137-DF26-46BD-9922-E779153307FF}"
EndProject
Project("{9A19103F-16F7-4668-BE54-9A1E7A4F7556}") = "Client2", "src\Client2\Client2.csproj", "{C6A881C6-11D7-4437-817D-2AF5A6563441}"
EndProject
Project("{9A19103F-16F7-4668-BE54-9A1E7A4F7556}") = "WebApplication", "src\WebApplication\WebApplication.csproj", "{7CE56AA6-4024-47B7-9B4E-A247CC50A8CF}"
EndProject
Project("{9A19103F-16F7-4668-BE54-9A1E7A4F7556}") = "JavascriptClient", "src\JavascriptClient\JavascriptClient.csproj", "{F4466DAB-53C6-46B8-AC88-EEF8FD103142}"
EndProject
Project("{9A19103F-16F7-4668-BE54-9A1E7A4F7556}") = "IdentityServerAspNetIdentity", "src\IdentityServerAspNetIdentity\IdentityServerAspNetIdentity.csproj", "{689E2A06-C4F5-434C-BB6A-73FBCF13E65A}"
EndProject
Global
	GlobalSection(SolutionConfigurationPlatforms) = preSolution
		Debug|Any CPU = Debug|Any CPU
		Debug|x64 = Debug|x64
		Debug|x86 = Debug|x86
		Release|Any CPU = Release|Any CPU
		Release|x64 = Release|x64
		Release|x86 = Release|x86
	EndGlobalSection
	GlobalSection(ProjectConfigurationPlatforms) = postSolution
		{AAF9CC53-A3D9-4C77-BF1B-BEEDE2646072}.Debug|Any CPU.ActiveCfg = Debug|Any CPU
		{AAF9CC53-A3D9-4C77-BF1B-BEEDE2646072}.Debug|Any CPU.Build.0 = Debug|Any CPU
		{AAF9CC53-A3D9-4C77-BF1B-BEEDE2646072}.Debug|x64.ActiveCfg = Debug|Any CPU
		{AAF9CC53-A3D9-4C77-BF1B-BEEDE2646072}.Debug|x64.Build.0 = Debug|Any CPU
		{AAF9CC53-A3D9-4C77-BF1B-BEEDE2646072}.Debug|x86.ActiveCfg = Debug|Any CPU
		{AAF9CC53-A3D9-4C77-BF1B-BEEDE2646072}.Debug|x86.Build.0 = Debug|Any CPU
		{AAF9CC53-A3D9-4C77-BF1B-BEEDE2646072}.Release|Any CPU.ActiveCfg = Release|Any CPU
		{AAF9CC53-A3D9-4C77-BF1B-BEEDE2646072}.Release|Any CPU.Build.0 = Release|Any CPU
		{AAF9CC53-A3D9-4C77-BF1B-BEEDE2646072}.Release|x64.ActiveCfg = Release|Any CPU
		{AAF9CC53-A3D9-4C77-BF1B-BEEDE2646072}.Release|x64.Build.0 = Release|Any CPU
		{AAF9CC53-A3D9-4C77-BF1B-BEEDE2646072}.Release|x86.ActiveCfg = Release|Any CPU
		{AAF9CC53-A3D9-4C77-BF1B-BEEDE2646072}.Release|x86.Build.0 = Release|Any CPU
		{2DA14137-DF26-46BD-9922-E779153307FF}.Debug|Any CPU.ActiveCfg = Debug|Any CPU
		{2DA14137-DF26-46BD-9922-E779153307FF}.Debug|Any CPU.Build.0 = Debug|Any CPU
		{2DA14137-DF26-46BD-9922-E779153307FF}.Debug|x64.ActiveCfg = Debug|Any CPU
		{2DA14137-DF26-46BD-9922-E779153307FF}.Debug|x64.Build.0 = Debug|Any CPU
		{2DA14137-DF26-46BD-9922-E779153307FF}.Debug|x86.ActiveCfg = Debug|Any CPU
		{2DA14137-DF26-46BD-9922-E779153307FF}.Debug|x86.Build.0 = Debug|Any CPU
		{2DA14137-DF26-46BD-9922-E779153307FF}.Release|Any CPU.ActiveCfg = Release|Any CPU
		{2DA14137-DF26-46BD-9922-E779153307FF}.Release|Any CPU.Build.0 = Release|Any CPU
		{2DA14137-DF26-46BD-9922-E779153307FF}.Release|x64.ActiveCfg = Release|Any CPU
		{2DA14137-DF26-46BD-9922-E779153307FF}.Release|x64.Build.0 = Release|Any CPU
		{2DA14137-DF26-46BD-9922-E779153307FF}.Release|x86.ActiveCfg = Release|Any CPU
		{2DA14137-DF26-46BD-9922-E779153307FF}.Release|x86.Build.0 = Release|Any CPU
		{C6A881C6-11D7-4437-817D-2AF5A6563441}.Debug|Any CPU.ActiveCfg = Debug|Any CPU
		{C6A881C6-11D7-4437-817D-2AF5A6563441}.Debug|Any CPU.Build.0 = Debug|Any CPU
		{C6A881C6-11D7-4437-817D-2AF5A6563441}.Debug|x64.ActiveCfg = Debug|Any CPU
		{C6A881C6-11D7-4437-817D-2AF5A6563441}.Debug|x64.Build.0 = Debug|Any CPU
		{C6A881C6-11D7-4437-817D-2AF5A6563441}.Debug|x86.ActiveCfg = Debug|Any CPU
		{C6A881C6-11D7-4437-817D-2AF5A6563441}.Debug|x86.Build.0 = Debug|Any CPU
		{C6A881C6-11D7-4437-817D-2AF5A6563441}.Release|Any CPU.ActiveCfg = Release|Any CPU
		{C6A881C6-11D7-4437-817D-2AF5A6563441}.Release|Any CPU.Build.0 = Release|Any CPU
		{C6A881C6-11D7-4437-817D-2AF5A6563441}.Release|x64.ActiveCfg = Release|Any CPU
		{C6A881C6-11D7-4437-817D-2AF5A6563441}.Release|x64.Build.0 = Release|Any CPU
		{C6A881C6-11D7-4437-817D-2AF5A6563441}.Release|x86.ActiveCfg = Release|Any CPU
		{C6A881C6-11D7-4437-817D-2AF5A6563441}.Release|x86.Build.0 = Release|Any CPU
		{7CE56AA6-4024-47B7-9B4E-A247CC50A8CF}.Debug|Any CPU.ActiveCfg = Debug|Any CPU
		{7CE56AA6-4024-47B7-9B4E-A247CC50A8CF}.Debug|Any CPU.Build.0 = Debug|Any CPU
		{7CE56AA6-4024-47B7-9B4E-A247CC50A8CF}.Debug|x64.ActiveCfg = Debug|Any CPU
		{7CE56AA6-4024-47B7-9B4E-A247CC50A8CF}.Debug|x64.Build.0 = Debug|Any CPU
		{7CE56AA6-4024-47B7-9B4E-A247CC50A8CF}.Debug|x86.ActiveCfg = Debug|Any CPU
		{7CE56AA6-4024-47B7-9B4E-A247CC50A8CF}.Debug|x86.Build.0 = Debug|Any CPU
		{7CE56AA6-4024-47B7-9B4E-A247CC50A8CF}.Release|Any CPU.ActiveCfg = Release|Any CPU
		{7CE56AA6-4024-47B7-9B4E-A247CC50A8CF}.Release|Any CPU.Build.0 = Release|Any CPU
		{7CE56AA6-4024-47B7-9B4E-A247CC50A8CF}.Release|x64.ActiveCfg = Release|Any CPU
		{7CE56AA6-4024-47B7-9B4E-A247CC50A8CF}.Release|x64.Build.0 = Release|Any CPU
		{7CE56AA6-4024-47B7-9B4E-A247CC50A8CF}.Release|x86.ActiveCfg = Release|Any CPU
		{7CE56AA6-4024-47B7-9B4E-A247CC50A8CF}.Release|x86.Build.0 = Release|Any CPU
		{F4466DAB-53C6-46B8-AC88-EEF8FD103142}.Debug|Any CPU.ActiveCfg = Debug|Any CPU
		{F4466DAB-53C6-46B8-AC88-EEF8FD103142}.Debug|Any CPU.Build.0 = Debug|Any CPU
		{F4466DAB-53C6-46B8-AC88-EEF8FD103142}.Debug|x64.ActiveCfg = Debug|Any CPU
		{F4466DAB-53C6-46B8-AC88-EEF8FD103142}.Debug|x64.Build.0 = Debug|Any CPU
		{F4466DAB-53C6-46B8-AC88-EEF8FD103142}.Debug|x86.ActiveCfg = Debug|Any CPU
		{F4466DAB-53C6-46B8-AC88-EEF8FD103142}.Debug|x86.Build.0 = Debug|Any CPU
		{F4466DAB-53C6-46B8-AC88-EEF8FD103142}.Release|Any CPU.ActiveCfg = Release|Any CPU
		{F4466DAB-53C6-46B8-AC88-EEF8FD103142}.Release|Any CPU.Build.0 = Release|Any CPU
		{F4466DAB-53C6-46B8-AC88-EEF8FD103142}.Release|x64.ActiveCfg = Release|Any CPU
		{F4466DAB-53C6-46B8-AC88-EEF8FD103142}.Release|x64.Build.0 = Release|Any CPU
		{F4466DAB-53C6-46B8-AC88-EEF8FD103142}.Release|x86.ActiveCfg = Release|Any CPU
		{F4466DAB-53C6-46B8-AC88-EEF8FD103142}.Release|x86.Build.0 = Release|Any CPU
		{689E2A06-C4F5-434C-BB6A-73FBCF13E65A}.Debug|Any CPU.ActiveCfg = Debug|Any CPU
		{689E2A06-C4F5-434C-BB6A-73FBCF13E65A}.Debug|Any CPU.Build.0 = Debug|Any CPU
		{689E2A06-C4F5-434C-BB6A-73FBCF13E65A}.Debug|x64.ActiveCfg = Debug|Any CPU
		{689E2A06-C4F5-434C-BB6A-73FBCF13E65A}.Debug|x64.Build.0 = Debug|Any CPU
		{689E2A06-C4F5-434C-BB6A-73FBCF13E65A}.Debug|x86.ActiveCfg = Debug|Any CPU
		{689E2A06-C4F5-434C-BB6A-73FBCF13E65A}.Debug|x86.Build.0 = Debug|Any CPU
		{689E2A06-C4F5-434C-BB6A-73FBCF13E65A}.Release|Any CPU.ActiveCfg = Release|Any CPU
		{689E2A06-C4F5-434C-BB6A-73FBCF13E65A}.Release|Any CPU.Build.0 = Release|Any CPU
		{689E2A06-C4F5-434C-BB6A-73FBCF13E65A}.Release|x64.ActiveCfg = Release|Any CPU
		{689E2A06-C4F5-434C-BB6A-73FBCF13E65A}.Release|x64.Build.0 = Release|Any CPU
		{689E2A06-C4F5-434C-BB6A-73FBCF13E65A}.Release|x86.ActiveCfg = Release|Any CPU
		{689E2A06-C4F5-434C-BB6A-73FBCF13E65A}.Release|x86.Build.0 = Release|Any CPU
	EndGlobalSection
	GlobalSection(SolutionProperties) = preSolution
		HideSolutionNode = FALSE
	EndGlobalSection
	GlobalSection(NestedProjects) = preSolution
		{AAF9CC53-A3D9-4C77-BF1B-BEEDE2646072} = {670A8C9B-51FB-4C5A-A825-992D9D3121F5}
		{2DA14137-DF26-46BD-9922-E779153307FF} = {670A8C9B-51FB-4C5A-A825-992D9D3121F5}
		{C6A881C6-11D7-4437-817D-2AF5A6563441} = {670A8C9B-51FB-4C5A-A825-992D9D3121F5}
		{7CE56AA6-4024-47B7-9B4E-A247CC50A8CF} = {670A8C9B-51FB-4C5A-A825-992D9D3121F5}
		{F4466DAB-53C6-46B8-AC88-EEF8FD103142} = {670A8C9B-51FB-4C5A-A825-992D9D3121F5}
		{689E2A06-C4F5-434C-BB6A-73FBCF13E65A} = {670A8C9B-51FB-4C5A-A825-992D9D3121F5}
	EndGlobalSection
	GlobalSection(ExtensibilityGlobals) = postSolution
		SolutionGuid = {D7FFE4DF-7C4D-4A18-9651-749168349D65}
	EndGlobalSection
EndGlobal
